# This file is autogenerated, do not edit; changes may be undone by the next 'dep ensure'.


[[projects]]
  name = "github.com/davecgh/go-spew"
  packages = ["spew"]
  revision = "8991bc29aa16c548c550c7ff78260e27b9ab7c73"
  version = "v1.1.1"

[[projects]]
  branch = "master"
  name = "github.com/deislabs/porter"
  packages = [
    "pkg/context",
    "pkg/printer",
    "pkg/test"
  ]
  revision = "d5291628170a5f69eee9082e53cd60b1dc48f4e3"

[[projects]]
  name = "github.com/gobuffalo/envy"
  packages = ["."]
  revision = "fa0dfdc10b5366ce365b7d9d1755a03e4e797bc5"
  version = "v1.6.15"

[[projects]]
  branch = "master"
  name = "github.com/gobuffalo/genny"
  packages = ["."]
  revision = "3ca520ef0d9ea4981534aae98bf9a003d9b18678"

[[projects]]
  branch = "master"
  name = "github.com/gobuffalo/gogen"
  packages = [
    ".",
    "goimports",
    "gomods"
  ]
  revision = "8f38393713f59beb43221f903c07f58f0377a063"

[[projects]]
  branch = "master"
  name = "github.com/gobuffalo/logger"
  packages = ["."]
  revision = "86e12af44bc273e0063fad5b6ad588890b8cfe6b"

[[projects]]
  name = "github.com/gobuffalo/mapi"
  packages = ["."]
  revision = "0bb5e840be332d4280e40f2e6c50777c615bbac5"
  version = "v1.0.2"

[[projects]]
  branch = "master"
  name = "github.com/gobuffalo/packd"
  packages = ["."]
  revision = "a385830c7fc0495b810318788a043c7655da337d"

[[projects]]
  name = "github.com/gobuffalo/packr"
  packages = [
    "v2",
    "v2/file",
    "v2/file/resolver",
    "v2/file/resolver/encoding/hex",
    "v2/jam/parser",
    "v2/plog"
  ]
  revision = "cef464b1513d9b6cf3d4ad6d6983a716e048e89d"
  version = "v2.1.0"

[[projects]]
  branch = "master"
  name = "github.com/gobuffalo/syncx"
  packages = ["."]
  revision = "33c29581e754bd354236e977dfe426e55331c45d"

[[projects]]
  name = "github.com/inconshreveable/mousetrap"
  packages = ["."]
  revision = "76626ae9c91c4f2a10f34cad8ce83ea42c93bb75"
  version = "v1.0"

[[projects]]
  name = "github.com/joho/godotenv"
  packages = ["."]
  revision = "23d116af351c84513e1946b527c88823e476be13"
  version = "v1.3.0"

[[projects]]
  name = "github.com/karrick/godirwalk"
  packages = ["."]
  revision = "6d1c7760ec857d2984abe0a23fa263877f50d3f0"
  version = "v1.8.0"

[[projects]]
  name = "github.com/konsorten/go-windows-terminal-sequences"
  packages = ["."]
  revision = "f55edac94c9bbba5d6182a4be46d86a2c9b5b50e"
  version = "v1.0.2"

[[projects]]
  branch = "master"
  name = "github.com/markbates/oncer"
  packages = ["."]
  revision = "bf2de49a0be218916e69a11d22866e6cd0a560f2"

[[projects]]
  name = "github.com/markbates/safe"
  packages = ["."]
  revision = "6fea05a5732486546a4836b7a1d596c5ec687b98"
  version = "v1.0.1"

[[projects]]
  name = "github.com/pkg/errors"
  packages = ["."]
  revision = "ba968bfe8b2f7e042a574c888954fccecfa385b4"
  version = "v0.8.1"

[[projects]]
  name = "github.com/pmezard/go-difflib"
  packages = ["difflib"]
  revision = "792786c7400a136282c1664665ae0a8db921c6c2"
  version = "v1.0.0"

[[projects]]
  name = "github.com/rogpeppe/go-internal"
  packages = [
    "modfile",
    "module",
    "semver"
  ]
  revision = "438578804ca6f31be148c27683afc419ce47c06e"
  version = "v1.3.0"

[[projects]]
  name = "github.com/sirupsen/logrus"
  packages = ["."]
  revision = "8bdbc7bcc01dcbb8ec23dc8a28e332258d25251f"
  version = "v1.4.1"

[[projects]]
  name = "github.com/spf13/afero"
  packages = [
    ".",
    "mem"
  ]
  revision = "588a75ec4f32903aa5e39a2619ba6a4631e28424"
  version = "v1.2.2"

[[projects]]
  name = "github.com/spf13/cobra"
  packages = ["."]
  revision = "ef82de70bb3f60c65fb8eebacbb2d122ef517385"
  version = "v0.0.3"

[[projects]]
  name = "github.com/spf13/pflag"
  packages = ["."]
  revision = "298182f68c66c05229eb03ac171abe6e309ee79a"
  version = "v1.0.3"

[[projects]]
  name = "github.com/stretchr/testify"
  packages = [
    "assert",
    "require"
  ]
  revision = "ffdc059bfe9ce6a4e144ba849dbedead332c6053"
  version = "v1.3.0"

[[projects]]
  branch = "master"
  name = "golang.org/x/crypto"
  packages = ["ssh/terminal"]
  revision = "88737f569e3a9c7ab309cdc09a07fe7fc87233c3"

[[projects]]
  branch = "master"
  name = "golang.org/x/sys"
  packages = [
    "unix",
    "windows"
  ]
  revision = "b44545bcd369ef9ff9bebcfebf5f3370ef9b1932"

[[projects]]
  name = "golang.org/x/text"
  packages = [
    "internal/gen",
    "internal/triegen",
    "internal/ucd",
    "transform",
    "unicode/cldr",
    "unicode/norm"
  ]
  revision = "f21a4dfb5e38f5895301dc265a8def02365cc3d0"
  version = "v0.3.0"

[[projects]]
  branch = "master"
  name = "golang.org/x/tools"
  packages = [
    "go/ast/astutil",
    "go/gcexportdata",
    "go/internal/gcimporter",
    "go/internal/packagesdriver",
    "go/packages",
    "go/types/typeutil",
    "imports",
    "internal/fastwalk",
    "internal/gopathwalk",
    "internal/module",
    "internal/semver"
  ]
  revision = "681f9ce8ac52c4ba431539a515ecb7f2ab72eca0"

[[projects]]
  name = "gopkg.in/yaml.v2"
  packages = ["."]
  revision = "51d6538a90f86fe93ac480b35f37b2be17fef232"
  version = "v2.2.2"

[solve-meta]
  analyzer-name = "dep"
  analyzer-version = 1
  inputs-digest = "f769cba698bb31f0a0995588fa6810dfca6f75d8e31e63f9565c7c7cfb1ce6f7"
  solver-name = "gps-cdcl"
  solver-version = 1
